dependencies:
  pdf-lib: 1.12.0
devDependencies:
  '@types/node': 14.14.9
  typescript: 4.1.2
lockfileVersion: 5.2
packages:
  /@pdf-lib/standard-fonts/1.0.0:
    dependencies:
      pako: 1.0.11
    dev: false
    resolution:
      integrity: sha512-hU30BK9IUN/su0Mn9VdlVKsWBS6GyhVfqjwl1FjZN4TxP6cCw0jP2w7V3Hf5uX7M0AZJ16vey9yE0ny7Sa59ZA==
  /@pdf-lib/upng/1.0.1:
    dependencies:
      pako: 1.0.11
    dev: false
    resolution:
      integrity: sha512-dQK2FUMQtowVP00mtIksrlZhdFXQZPC+taih1q4CvPZ5vqdxR/LKBaFg0oAfzd1GlHZXXSPdQfzQnt+ViGvEIQ==
  /@types/node/14.14.9:
    dev: true
    resolution:
      integrity: sha512-JsoLXFppG62tWTklIoO4knA+oDTYsmqWxHRvd4lpmfQRNhX6osheUOWETP2jMoV/2bEHuMra8Pp3Dmo/stBFcw==
  /pako/1.0.11:
    dev: false
    resolution:
      integrity: sha512-4hLB8Py4zZce5s4yd9XzopqwVv/yGNhV1Bl8NTmCq1763HeK2+EwVTv+leGeL13Dnh2wfbqowVPXCIO0z4taYw==
  /pdf-lib/1.12.0:
    dependencies:
      '@pdf-lib/standard-fonts': 1.0.0
      '@pdf-lib/upng': 1.0.1
      pako: 1.0.11
      tslib: 1.14.1
    dev: false
    resolution:
      integrity: sha512-5gqG/w8QMhl/NfzqqIt1WddVHnW3kr+J/2LadP3GT0jAdGKoB0l4h/C4pzzK40b0AlBe2fr1Mvo9ZfR24set5A==
  /tslib/1.14.1:
    dev: false
    resolution:
      integrity: sha512-Xni35NKzjgMrwevysHTCArtLDpPvye8zV/0E4EyYn43P7/7qvQwPh9BGkHewbMulVntbigmcT7rdX3BNo9wRJg==
  /typescript/4.1.2:
    dev: true
    engines:
      node: '>=4.2.0'
    hasBin: true
    resolution:
      integrity: sha512-thGloWsGH3SOxv1SoY7QojKi0tc+8FnOmiarEGMbd/lar7QOEd3hvlx3Fp5y6FlDUGl9L+pd4n2e+oToGMmhRQ==
specifiers:
  '@types/node': ^14.14.9
  pdf-lib: ^1.12.0
  typescript: ^4.1.2
